
Microsoft Visual Studio Solution File, Format Version 12.00
# Visual Studio Version 17
VisualStudioVersion = 17.7.34031.279
MinimumVisualStudioVersion = 10.0.40219.1
Project("{FAE04EC0-301F-11D3-BF4B-00C04F79EFBC}") = "MagicVilla_VillaAPI", "MagicVilla_VillaAPI\MagicVilla_VillaAPI.csproj", "{22AD0F80-9EE3-40E9-83A4-A033D5581789}"
EndProject
Global
	GlobalSection(SolutionConfigurationPlatforms) = preSolution
		Debug|Any CPU = Debug|Any CPU
		Release|Any CPU = Release|Any CPU
	EndGlobalSection
	GlobalSection(ProjectConfigurationPlatforms) = postSolution
		{22AD0F80-9EE3-40E9-83A4-A033D5581789}.Debug|Any CPU.ActiveCfg = Debug|Any CPU
		{22AD0F80-9EE3-40E9-83A4-A033D5581789}.Debug|Any CPU.Build.0 = Debug|Any CPU
		{22AD0F80-9EE3-40E9-83A4-A033D5581789}.Release|Any CPU.ActiveCfg = Release|Any CPU
		{22AD0F80-9EE3-40E9-83A4-A033D5581789}.Release|Any CPU.Build.0 = Release|Any CPU
	EndGlobalSection
	GlobalSection(SolutionProperties) = preSolution
		HideSolutionNode = FALSE
	EndGlobalSection
	GlobalSection(ExtensibilityGlobals) = postSolution
		SolutionGuid = {D1F3A52D-9467-44E8-A391-6BDDFDEE8967}
	EndGlobalSection
EndGlobal
